
Microsoft Visual Studio Solution File, Format Version 12.00
# Visual Studio Version 17
VisualStudioVersion = 17.0.32014.148
MinimumVisualStudioVersion = 10.0.40219.1
Project("{9A19103F-16F7-4668-BE54-9A1E7A4F7556}") = "VietBND", "VietBND\VietBND.csproj", "{D51C1160-3AAA-487C-AA2F-6447EF2113B7}"
EndProject
Project("{2150E333-8FDC-42A3-9474-1A3956D46DE8}") = "test", "test", "{F2F7DA9F-0FF4-40B2-B5AC-55E657584F14}"
EndProject
Project("{9A19103F-16F7-4668-BE54-9A1E7A4F7556}") = "VietBND.Tests", "VietBND.Tests\VietBND.Tests.csproj", "{AC901561-DF42-4DF2-9B07-B9CBF52FF01A}"
EndProject
Project("{FAE04EC0-301F-11D3-BF4B-00C04F79EFBC}") = "Shopping.ApiGateway", "Shopping.ApiGateway\Shopping.ApiGateway.csproj", "{6FD876B5-2067-4299-A068-A0F6297EC4A9}"
EndProject
Project("{2150E333-8FDC-42A3-9474-1A3956D46DE8}") = "framework", "framework", "{895BB774-4BCB-42B1-B6F2-501FB2EE5D36}"
EndProject
Project("{2150E333-8FDC-42A3-9474-1A3956D46DE8}") = "src", "src", "{C2552B8F-E044-4F6F-83C6-08FAD9B3B3C3}"
EndProject
Project("{2150E333-8FDC-42A3-9474-1A3956D46DE8}") = "services", "services", "{37ADE227-BE7F-4753-BCD5-FD99DFB55A92}"
EndProject
Project("{FAE04EC0-301F-11D3-BF4B-00C04F79EFBC}") = "Identity.Api", "Identity.Api\Identity.Api.csproj", "{DA81D40F-760C-4624-8090-3ECBC032F08E}"
EndProject
Project("{2150E333-8FDC-42A3-9474-1A3956D46DE8}") = "applicationuser", "applicationuser", "{A426BAFA-6597-479D-897A-3AC5194428D3}"
EndProject
Project("{FAE04EC0-301F-11D3-BF4B-00C04F79EFBC}") = "ApplicationUser.Api", "ApplicationUser.Api\ApplicationUser.Api.csproj", "{ACB86D1E-31BE-4F9E-AECB-6D1F1542458B}"
EndProject
Project("{FAE04EC0-301F-11D3-BF4B-00C04F79EFBC}") = "ApplicationUser.Domain", "ApplicationUser.Domain\ApplicationUser.Domain.csproj", "{7C93E799-0415-4792-B777-64A995F9F2B8}"
EndProject
Project("{FAE04EC0-301F-11D3-BF4B-00C04F79EFBC}") = "ApplicationUser.Infrastructures", "ApplicationUser.Infrastructures\ApplicationUser.Infrastructures.csproj", "{0247CB41-84C2-4D93-B18A-536B527D659A}"
EndProject
Project("{FAE04EC0-301F-11D3-BF4B-00C04F79EFBC}") = "ApplicationUser.Services", "ApplicationUser.Services\ApplicationUser.Services.csproj", "{49E8FB49-44F3-4EE0-8B45-43780147E94E}"
EndProject
Project("{2150E333-8FDC-42A3-9474-1A3956D46DE8}") = "identity", "identity", "{51C34D7B-2DF9-4E15-83D1-6BB74296E6B5}"
EndProject
Project("{E53339B2-1760-4266-BCC7-CA923CBCF16C}") = "docker-compose", "docker-compose.dcproj", "{3F4B54CB-AB52-4B7D-BF7C-CF82E8B428FD}"
EndProject
Global
	GlobalSection(SolutionConfigurationPlatforms) = preSolution
		Debug|Any CPU = Debug|Any CPU
		Release|Any CPU = Release|Any CPU
	EndGlobalSection
	GlobalSection(ProjectConfigurationPlatforms) = postSolution
		{D51C1160-3AAA-487C-AA2F-6447EF2113B7}.Debug|Any CPU.ActiveCfg = Debug|Any CPU
		{D51C1160-3AAA-487C-AA2F-6447EF2113B7}.Debug|Any CPU.Build.0 = Debug|Any CPU
		{D51C1160-3AAA-487C-AA2F-6447EF2113B7}.Release|Any CPU.ActiveCfg = Release|Any CPU
		{D51C1160-3AAA-487C-AA2F-6447EF2113B7}.Release|Any CPU.Build.0 = Release|Any CPU
		{AC901561-DF42-4DF2-9B07-B9CBF52FF01A}.Debug|Any CPU.ActiveCfg = Debug|Any CPU
		{AC901561-DF42-4DF2-9B07-B9CBF52FF01A}.Debug|Any CPU.Build.0 = Debug|Any CPU
		{AC901561-DF42-4DF2-9B07-B9CBF52FF01A}.Release|Any CPU.ActiveCfg = Release|Any CPU
		{AC901561-DF42-4DF2-9B07-B9CBF52FF01A}.Release|Any CPU.Build.0 = Release|Any CPU
		{6FD876B5-2067-4299-A068-A0F6297EC4A9}.Debug|Any CPU.ActiveCfg = Debug|Any CPU
		{6FD876B5-2067-4299-A068-A0F6297EC4A9}.Debug|Any CPU.Build.0 = Debug|Any CPU
		{6FD876B5-2067-4299-A068-A0F6297EC4A9}.Release|Any CPU.ActiveCfg = Release|Any CPU
		{6FD876B5-2067-4299-A068-A0F6297EC4A9}.Release|Any CPU.Build.0 = Release|Any CPU
		{DA81D40F-760C-4624-8090-3ECBC032F08E}.Debug|Any CPU.ActiveCfg = Debug|Any CPU
		{DA81D40F-760C-4624-8090-3ECBC032F08E}.Debug|Any CPU.Build.0 = Debug|Any CPU
		{DA81D40F-760C-4624-8090-3ECBC032F08E}.Release|Any CPU.ActiveCfg = Release|Any CPU
		{DA81D40F-760C-4624-8090-3ECBC032F08E}.Release|Any CPU.Build.0 = Release|Any CPU
		{ACB86D1E-31BE-4F9E-AECB-6D1F1542458B}.Debug|Any CPU.ActiveCfg = Debug|Any CPU
		{ACB86D1E-31BE-4F9E-AECB-6D1F1542458B}.Debug|Any CPU.Build.0 = Debug|Any CPU
		{ACB86D1E-31BE-4F9E-AECB-6D1F1542458B}.Release|Any CPU.ActiveCfg = Release|Any CPU
		{ACB86D1E-31BE-4F9E-AECB-6D1F1542458B}.Release|Any CPU.Build.0 = Release|Any CPU
		{7C93E799-0415-4792-B777-64A995F9F2B8}.Debug|Any CPU.ActiveCfg = Debug|Any CPU
		{7C93E799-0415-4792-B777-64A995F9F2B8}.Debug|Any CPU.Build.0 = Debug|Any CPU
		{7C93E799-0415-4792-B777-64A995F9F2B8}.Release|Any CPU.ActiveCfg = Release|Any CPU
		{7C93E799-0415-4792-B777-64A995F9F2B8}.Release|Any CPU.Build.0 = Release|Any CPU
		{0247CB41-84C2-4D93-B18A-536B527D659A}.Debug|Any CPU.ActiveCfg = Debug|Any CPU
		{0247CB41-84C2-4D93-B18A-536B527D659A}.Debug|Any CPU.Build.0 = Debug|Any CPU
		{0247CB41-84C2-4D93-B18A-536B527D659A}.Release|Any CPU.ActiveCfg = Release|Any CPU
		{0247CB41-84C2-4D93-B18A-536B527D659A}.Release|Any CPU.Build.0 = Release|Any CPU
		{49E8FB49-44F3-4EE0-8B45-43780147E94E}.Debug|Any CPU.ActiveCfg = Debug|Any CPU
		{49E8FB49-44F3-4EE0-8B45-43780147E94E}.Debug|Any CPU.Build.0 = Debug|Any CPU
		{49E8FB49-44F3-4EE0-8B45-43780147E94E}.Release|Any CPU.ActiveCfg = Release|Any CPU
		{49E8FB49-44F3-4EE0-8B45-43780147E94E}.Release|Any CPU.Build.0 = Release|Any CPU
		{3F4B54CB-AB52-4B7D-BF7C-CF82E8B428FD}.Debug|Any CPU.ActiveCfg = Debug|Any CPU
		{3F4B54CB-AB52-4B7D-BF7C-CF82E8B428FD}.Debug|Any CPU.Build.0 = Debug|Any CPU
		{3F4B54CB-AB52-4B7D-BF7C-CF82E8B428FD}.Release|Any CPU.ActiveCfg = Release|Any CPU
		{3F4B54CB-AB52-4B7D-BF7C-CF82E8B428FD}.Release|Any CPU.Build.0 = Release|Any CPU
	EndGlobalSection
	GlobalSection(SolutionProperties) = preSolution
		HideSolutionNode = FALSE
	EndGlobalSection
	GlobalSection(NestedProjects) = preSolution
		{D51C1160-3AAA-487C-AA2F-6447EF2113B7} = {895BB774-4BCB-42B1-B6F2-501FB2EE5D36}
		{AC901561-DF42-4DF2-9B07-B9CBF52FF01A} = {F2F7DA9F-0FF4-40B2-B5AC-55E657584F14}
		{6FD876B5-2067-4299-A068-A0F6297EC4A9} = {C2552B8F-E044-4F6F-83C6-08FAD9B3B3C3}
		{37ADE227-BE7F-4753-BCD5-FD99DFB55A92} = {C2552B8F-E044-4F6F-83C6-08FAD9B3B3C3}
		{DA81D40F-760C-4624-8090-3ECBC032F08E} = {51C34D7B-2DF9-4E15-83D1-6BB74296E6B5}
		{A426BAFA-6597-479D-897A-3AC5194428D3} = {37ADE227-BE7F-4753-BCD5-FD99DFB55A92}
		{ACB86D1E-31BE-4F9E-AECB-6D1F1542458B} = {A426BAFA-6597-479D-897A-3AC5194428D3}
		{7C93E799-0415-4792-B777-64A995F9F2B8} = {A426BAFA-6597-479D-897A-3AC5194428D3}
		{0247CB41-84C2-4D93-B18A-536B527D659A} = {A426BAFA-6597-479D-897A-3AC5194428D3}
		{49E8FB49-44F3-4EE0-8B45-43780147E94E} = {A426BAFA-6597-479D-897A-3AC5194428D3}
		{51C34D7B-2DF9-4E15-83D1-6BB74296E6B5} = {37ADE227-BE7F-4753-BCD5-FD99DFB55A92}
	EndGlobalSection
	GlobalSection(ExtensibilityGlobals) = postSolution
		SolutionGuid = {5E5996E9-C75A-4572-A487-9795AF611E18}
	EndGlobalSection
EndGlobal
