
Microsoft Visual Studio Solution File, Format Version 12.00
# Visual Studio Version 17
VisualStudioVersion = 17.0.32014.148
MinimumVisualStudioVersion = 10.0.40219.1
Project("{2150E333-8FDC-42A3-9474-1A3956D46DE8}") = "src", "src", "{9D2C481F-7D58-4484-9DC2-C6794299AB6D}"
EndProject
Project("{9A19103F-16F7-4668-BE54-9A1E7A4F7556}") = "shopping-cart-apigateway", "shopping-cart-apigateway\shopping-cart-apigateway.csproj", "{C0362446-07AB-49BB-9FDA-095D30F25A02}"
EndProject
Project("{9A19103F-16F7-4668-BE54-9A1E7A4F7556}") = "Identity.Api", "identity-api\Identity.Api.csproj", "{2A808BED-8FAE-4695-8221-0E12C14F0FD0}"
EndProject
Project("{9A19103F-16F7-4668-BE54-9A1E7A4F7556}") = "ApplicationUser.Api", "application-user-api\ApplicationUser.Api.csproj", "{D29F5765-ADA1-41C4-A274-95FD84EFA9E2}"
EndProject
Project("{2150E333-8FDC-42A3-9474-1A3956D46DE8}") = "application-user", "application-user", "{112C4C7A-F851-4417-A1CA-FCDA4ABC6941}"
EndProject
Project("{2150E333-8FDC-42A3-9474-1A3956D46DE8}") = "identity", "identity", "{710EA963-5EAE-4206-A861-1CE97CAE2E58}"
EndProject
Project("{2150E333-8FDC-42A3-9474-1A3956D46DE8}") = "gateways", "gateways", "{7B6045BF-D64C-4606-A177-3B5FB9F34A0B}"
EndProject
Project("{2150E333-8FDC-42A3-9474-1A3956D46DE8}") = "tests", "tests", "{85A175B9-A171-4CEE-9EDA-3C7E8174F4A4}"
EndProject
Project("{FAE04EC0-301F-11D3-BF4B-00C04F79EFBC}") = "ApplicationUser.Domain", "application-user-domain\ApplicationUser.Domain.csproj", "{96B370CF-70ED-43C7-A63D-CBD36829D71D}"
EndProject
Project("{FAE04EC0-301F-11D3-BF4B-00C04F79EFBC}") = "ApplicationUser.Infrastructures", "application-user-infrastructures\ApplicationUser.Infrastructures.csproj", "{BDCD91DB-D3DE-49F4-85F0-6677E4BACB52}"
EndProject
Project("{FAE04EC0-301F-11D3-BF4B-00C04F79EFBC}") = "ApplicationUser.Services", "application-user-services\ApplicationUser.Services.csproj", "{8F03788E-527F-443E-BEC2-B4AAA4FF86C7}"
EndProject
Project("{FAE04EC0-301F-11D3-BF4B-00C04F79EFBC}") = "Identity.Domain", "identity-domain\Identity.Domain.csproj", "{92D58383-0E73-4677-85D8-0A385B285967}"
EndProject
Project("{FAE04EC0-301F-11D3-BF4B-00C04F79EFBC}") = "Identity.Infrastructures", "identity-infrastructures\Identity.Infrastructures.csproj", "{D56015E0-4B6B-4210-B930-8D6C62A48634}"
EndProject
Project("{FAE04EC0-301F-11D3-BF4B-00C04F79EFBC}") = "Identity.Services", "identity-services\Identity.Services.csproj", "{3EA72E18-F914-4465-A89B-3E59B3752312}"
EndProject
Project("{2150E333-8FDC-42A3-9474-1A3956D46DE8}") = "event-sourcing", "event-sourcing", "{53DAA3A4-97AE-4F94-B643-500D3238EC4A}"
EndProject
Project("{FAE04EC0-301F-11D3-BF4B-00C04F79EFBC}") = "EventSourcing.Infrastructures", "event-sourcing-infrastructures\EventSourcing.Infrastructures.csproj", "{E19EFABF-5ED9-4FEA-B7DD-5658C0ABC905}"
EndProject
Project("{FAE04EC0-301F-11D3-BF4B-00C04F79EFBC}") = "EventSourcing.Domain", "EventSourcing.Domain\EventSourcing.Domain.csproj", "{F99DA02D-3EC3-4A31-9FE0-C38208F5484C}"
EndProject
Global
	GlobalSection(SolutionConfigurationPlatforms) = preSolution
		Debug|Any CPU = Debug|Any CPU
		Release|Any CPU = Release|Any CPU
	EndGlobalSection
	GlobalSection(ProjectConfigurationPlatforms) = postSolution
		{C0362446-07AB-49BB-9FDA-095D30F25A02}.Debug|Any CPU.ActiveCfg = Debug|Any CPU
		{C0362446-07AB-49BB-9FDA-095D30F25A02}.Debug|Any CPU.Build.0 = Debug|Any CPU
		{C0362446-07AB-49BB-9FDA-095D30F25A02}.Release|Any CPU.ActiveCfg = Release|Any CPU
		{C0362446-07AB-49BB-9FDA-095D30F25A02}.Release|Any CPU.Build.0 = Release|Any CPU
		{2A808BED-8FAE-4695-8221-0E12C14F0FD0}.Debug|Any CPU.ActiveCfg = Debug|Any CPU
		{2A808BED-8FAE-4695-8221-0E12C14F0FD0}.Debug|Any CPU.Build.0 = Debug|Any CPU
		{2A808BED-8FAE-4695-8221-0E12C14F0FD0}.Release|Any CPU.ActiveCfg = Release|Any CPU
		{2A808BED-8FAE-4695-8221-0E12C14F0FD0}.Release|Any CPU.Build.0 = Release|Any CPU
		{D29F5765-ADA1-41C4-A274-95FD84EFA9E2}.Debug|Any CPU.ActiveCfg = Debug|Any CPU
		{D29F5765-ADA1-41C4-A274-95FD84EFA9E2}.Debug|Any CPU.Build.0 = Debug|Any CPU
		{D29F5765-ADA1-41C4-A274-95FD84EFA9E2}.Release|Any CPU.ActiveCfg = Release|Any CPU
		{D29F5765-ADA1-41C4-A274-95FD84EFA9E2}.Release|Any CPU.Build.0 = Release|Any CPU
		{96B370CF-70ED-43C7-A63D-CBD36829D71D}.Debug|Any CPU.ActiveCfg = Debug|Any CPU
		{96B370CF-70ED-43C7-A63D-CBD36829D71D}.Debug|Any CPU.Build.0 = Debug|Any CPU
		{96B370CF-70ED-43C7-A63D-CBD36829D71D}.Release|Any CPU.ActiveCfg = Release|Any CPU
		{96B370CF-70ED-43C7-A63D-CBD36829D71D}.Release|Any CPU.Build.0 = Release|Any CPU
		{BDCD91DB-D3DE-49F4-85F0-6677E4BACB52}.Debug|Any CPU.ActiveCfg = Debug|Any CPU
		{BDCD91DB-D3DE-49F4-85F0-6677E4BACB52}.Debug|Any CPU.Build.0 = Debug|Any CPU
		{BDCD91DB-D3DE-49F4-85F0-6677E4BACB52}.Release|Any CPU.ActiveCfg = Release|Any CPU
		{BDCD91DB-D3DE-49F4-85F0-6677E4BACB52}.Release|Any CPU.Build.0 = Release|Any CPU
		{8F03788E-527F-443E-BEC2-B4AAA4FF86C7}.Debug|Any CPU.ActiveCfg = Debug|Any CPU
		{8F03788E-527F-443E-BEC2-B4AAA4FF86C7}.Debug|Any CPU.Build.0 = Debug|Any CPU
		{8F03788E-527F-443E-BEC2-B4AAA4FF86C7}.Release|Any CPU.ActiveCfg = Release|Any CPU
		{8F03788E-527F-443E-BEC2-B4AAA4FF86C7}.Release|Any CPU.Build.0 = Release|Any CPU
		{92D58383-0E73-4677-85D8-0A385B285967}.Debug|Any CPU.ActiveCfg = Debug|Any CPU
		{92D58383-0E73-4677-85D8-0A385B285967}.Debug|Any CPU.Build.0 = Debug|Any CPU
		{92D58383-0E73-4677-85D8-0A385B285967}.Release|Any CPU.ActiveCfg = Release|Any CPU
		{92D58383-0E73-4677-85D8-0A385B285967}.Release|Any CPU.Build.0 = Release|Any CPU
		{D56015E0-4B6B-4210-B930-8D6C62A48634}.Debug|Any CPU.ActiveCfg = Debug|Any CPU
		{D56015E0-4B6B-4210-B930-8D6C62A48634}.Debug|Any CPU.Build.0 = Debug|Any CPU
		{D56015E0-4B6B-4210-B930-8D6C62A48634}.Release|Any CPU.ActiveCfg = Release|Any CPU
		{D56015E0-4B6B-4210-B930-8D6C62A48634}.Release|Any CPU.Build.0 = Release|Any CPU
		{3EA72E18-F914-4465-A89B-3E59B3752312}.Debug|Any CPU.ActiveCfg = Debug|Any CPU
		{3EA72E18-F914-4465-A89B-3E59B3752312}.Debug|Any CPU.Build.0 = Debug|Any CPU
		{3EA72E18-F914-4465-A89B-3E59B3752312}.Release|Any CPU.ActiveCfg = Release|Any CPU
		{3EA72E18-F914-4465-A89B-3E59B3752312}.Release|Any CPU.Build.0 = Release|Any CPU
		{E19EFABF-5ED9-4FEA-B7DD-5658C0ABC905}.Debug|Any CPU.ActiveCfg = Debug|Any CPU
		{E19EFABF-5ED9-4FEA-B7DD-5658C0ABC905}.Debug|Any CPU.Build.0 = Debug|Any CPU
		{E19EFABF-5ED9-4FEA-B7DD-5658C0ABC905}.Release|Any CPU.ActiveCfg = Release|Any CPU
		{E19EFABF-5ED9-4FEA-B7DD-5658C0ABC905}.Release|Any CPU.Build.0 = Release|Any CPU
		{F99DA02D-3EC3-4A31-9FE0-C38208F5484C}.Debug|Any CPU.ActiveCfg = Debug|Any CPU
		{F99DA02D-3EC3-4A31-9FE0-C38208F5484C}.Debug|Any CPU.Build.0 = Debug|Any CPU
		{F99DA02D-3EC3-4A31-9FE0-C38208F5484C}.Release|Any CPU.ActiveCfg = Release|Any CPU
		{F99DA02D-3EC3-4A31-9FE0-C38208F5484C}.Release|Any CPU.Build.0 = Release|Any CPU
	EndGlobalSection
	GlobalSection(SolutionProperties) = preSolution
		HideSolutionNode = FALSE
	EndGlobalSection
	GlobalSection(NestedProjects) = preSolution
		{C0362446-07AB-49BB-9FDA-095D30F25A02} = {7B6045BF-D64C-4606-A177-3B5FB9F34A0B}
		{2A808BED-8FAE-4695-8221-0E12C14F0FD0} = {710EA963-5EAE-4206-A861-1CE97CAE2E58}
		{D29F5765-ADA1-41C4-A274-95FD84EFA9E2} = {112C4C7A-F851-4417-A1CA-FCDA4ABC6941}
		{112C4C7A-F851-4417-A1CA-FCDA4ABC6941} = {9D2C481F-7D58-4484-9DC2-C6794299AB6D}
		{710EA963-5EAE-4206-A861-1CE97CAE2E58} = {9D2C481F-7D58-4484-9DC2-C6794299AB6D}
		{7B6045BF-D64C-4606-A177-3B5FB9F34A0B} = {9D2C481F-7D58-4484-9DC2-C6794299AB6D}
		{96B370CF-70ED-43C7-A63D-CBD36829D71D} = {112C4C7A-F851-4417-A1CA-FCDA4ABC6941}
		{BDCD91DB-D3DE-49F4-85F0-6677E4BACB52} = {112C4C7A-F851-4417-A1CA-FCDA4ABC6941}
		{8F03788E-527F-443E-BEC2-B4AAA4FF86C7} = {112C4C7A-F851-4417-A1CA-FCDA4ABC6941}
		{92D58383-0E73-4677-85D8-0A385B285967} = {710EA963-5EAE-4206-A861-1CE97CAE2E58}
		{D56015E0-4B6B-4210-B930-8D6C62A48634} = {710EA963-5EAE-4206-A861-1CE97CAE2E58}
		{3EA72E18-F914-4465-A89B-3E59B3752312} = {710EA963-5EAE-4206-A861-1CE97CAE2E58}
		{53DAA3A4-97AE-4F94-B643-500D3238EC4A} = {9D2C481F-7D58-4484-9DC2-C6794299AB6D}
		{E19EFABF-5ED9-4FEA-B7DD-5658C0ABC905} = {53DAA3A4-97AE-4F94-B643-500D3238EC4A}
		{F99DA02D-3EC3-4A31-9FE0-C38208F5484C} = {53DAA3A4-97AE-4F94-B643-500D3238EC4A}
	EndGlobalSection
	GlobalSection(ExtensibilityGlobals) = postSolution
		SolutionGuid = {BFC5B7A5-6A72-4163-85DE-26B051D59E1B}
	EndGlobalSection
EndGlobal
